
Microsoft Visual Studio Solution File, Format Version 12.00
# Visual Studio Version 17
VisualStudioVersion = 17.0.31903.59
MinimumVisualStudioVersion = 10.0.40219.1
Project("{FAE04EC0-301F-11D3-BF4B-00C04F79EFBC}") = "Api", "Api\Api.csproj", "{E32E9ED4-9BA8-4C04-AEB5-4DC69D83C84D}"
EndProject
Project("{FAE04EC0-301F-11D3-BF4B-00C04F79EFBC}") = "Api.Tests", "Api.Tests\Api.Tests.csproj", "{2A668F0D-B9EA-4A91-A42B-69E1B2D9BAC5}"
EndProject
Global
	GlobalSection(SolutionConfigurationPlatforms) = preSolution
		Debug|Any CPU = Debug|Any CPU
		Release|Any CPU = Release|Any CPU
	EndGlobalSection
	GlobalSection(SolutionProperties) = preSolution
		HideSolutionNode = FALSE
	EndGlobalSection
	GlobalSection(ProjectConfigurationPlatforms) = postSolution
		{E32E9ED4-9BA8-4C04-AEB5-4DC69D83C84D}.Debug|Any CPU.ActiveCfg = Debug|Any CPU
		{E32E9ED4-9BA8-4C04-AEB5-4DC69D83C84D}.Debug|Any CPU.Build.0 = Debug|Any CPU
		{E32E9ED4-9BA8-4C04-AEB5-4DC69D83C84D}.Release|Any CPU.ActiveCfg = Release|Any CPU
		{E32E9ED4-9BA8-4C04-AEB5-4DC69D83C84D}.Release|Any CPU.Build.0 = Release|Any CPU
		{2A668F0D-B9EA-4A91-A42B-69E1B2D9BAC5}.Debug|Any CPU.ActiveCfg = Debug|Any CPU
		{2A668F0D-B9EA-4A91-A42B-69E1B2D9BAC5}.Debug|Any CPU.Build.0 = Debug|Any CPU
		{2A668F0D-B9EA-4A91-A42B-69E1B2D9BAC5}.Release|Any CPU.ActiveCfg = Release|Any CPU
		{2A668F0D-B9EA-4A91-A42B-69E1B2D9BAC5}.Release|Any CPU.Build.0 = Release|Any CPU
	EndGlobalSection
EndGlobal
